// !$*UTF8*$!
{
	archiveVersion = 1;
	classes = {
	};
	objectVersion = 50;
	objects = {

/* Begin PBXBuildFile section */
		8C24E8C32177424E005D3FB5 /* AppDelegate.swift in Sources */ = {isa = PBXBuildFile; fileRef = 8C24E8C22177424E005D3FB5 /* AppDelegate.swift */; };
		8C24E8CA21774250005D3FB5 /* Assets.xcassets in Resources */ = {isa = PBXBuildFile; fileRef = 8C24E8C921774250005D3FB5 /* Assets.xcassets */; };
		8C24E8CD21774250005D3FB5 /* LaunchScreen.storyboard in Resources */ = {isa = PBXBuildFile; fileRef = 8C24E8CB21774250005D3FB5 /* LaunchScreen.storyboard */; };
		8C4468C0217DE9A900CA9DD3 /* ShowDetails.storyboard in Resources */ = {isa = PBXBuildFile; fileRef = 8C4468BA217DE9A900CA9DD3 /* ShowDetails.storyboard */; };
		8C4468C1217DE9A900CA9DD3 /* ShowDetailsInterfaces.swift in Sources */ = {isa = PBXBuildFile; fileRef = 8C4468BB217DE9A900CA9DD3 /* ShowDetailsInterfaces.swift */; };
		8C4468C2217DE9A900CA9DD3 /* ShowDetailsPresenter.swift in Sources */ = {isa = PBXBuildFile; fileRef = 8C4468BC217DE9A900CA9DD3 /* ShowDetailsPresenter.swift */; };
		8C4468C3217DE9A900CA9DD3 /* ShowDetailsViewController.swift in Sources */ = {isa = PBXBuildFile; fileRef = 8C4468BD217DE9A900CA9DD3 /* ShowDetailsViewController.swift */; };
		8C4468C4217DE9A900CA9DD3 /* ShowDetailsInteractor.swift in Sources */ = {isa = PBXBuildFile; fileRef = 8C4468BE217DE9A900CA9DD3 /* ShowDetailsInteractor.swift */; };
		8C4468C5217DE9A900CA9DD3 /* ShowDetailsWireframe.swift in Sources */ = {isa = PBXBuildFile; fileRef = 8C4468BF217DE9A900CA9DD3 /* ShowDetailsWireframe.swift */; };
		8C4468C8217DFE7900CA9DD3 /* ShowDetailsImageCell.swift in Sources */ = {isa = PBXBuildFile; fileRef = 8C4468C7217DFE7900CA9DD3 /* ShowDetailsImageCell.swift */; };
		8C4468CA217DFEBF00CA9DD3 /* ShowDetailsDescriptionCell.swift in Sources */ = {isa = PBXBuildFile; fileRef = 8C4468C9217DFEBF00CA9DD3 /* ShowDetailsDescriptionCell.swift */; };
		8C4468CC217DFF1500CA9DD3 /* ShowDetailsEpisodeCell.swift in Sources */ = {isa = PBXBuildFile; fileRef = 8C4468CB217DFF1500CA9DD3 /* ShowDetailsEpisodeCell.swift */; };
		8C4468CE217E0B1E00CA9DD3 /* ShowEpisode.swift in Sources */ = {isa = PBXBuildFile; fileRef = 8C4468CD217E0B1E00CA9DD3 /* ShowEpisode.swift */; };
		8C4468D6217E650000CA9DD3 /* AddNewEpisode.storyboard in Resources */ = {isa = PBXBuildFile; fileRef = 8C4468D0217E650000CA9DD3 /* AddNewEpisode.storyboard */; };
		8C4468D7217E650000CA9DD3 /* AddNewEpisodeInterfaces.swift in Sources */ = {isa = PBXBuildFile; fileRef = 8C4468D1217E650000CA9DD3 /* AddNewEpisodeInterfaces.swift */; };
		8C4468D8217E650000CA9DD3 /* AddNewEpisodePresenter.swift in Sources */ = {isa = PBXBuildFile; fileRef = 8C4468D2217E650000CA9DD3 /* AddNewEpisodePresenter.swift */; };
		8C4468D9217E650000CA9DD3 /* AddNewEpisodeViewController.swift in Sources */ = {isa = PBXBuildFile; fileRef = 8C4468D3217E650000CA9DD3 /* AddNewEpisodeViewController.swift */; };
		8C4468DA217E650000CA9DD3 /* AddNewEpisodeInteractor.swift in Sources */ = {isa = PBXBuildFile; fileRef = 8C4468D4217E650000CA9DD3 /* AddNewEpisodeInteractor.swift */; };
		8C4468DB217E650000CA9DD3 /* AddNewEpisodeWireframe.swift in Sources */ = {isa = PBXBuildFile; fileRef = 8C4468D5217E650000CA9DD3 /* AddNewEpisodeWireframe.swift */; };
		8C52B2CA217749C90048C730 /* Constants.swift in Sources */ = {isa = PBXBuildFile; fileRef = 8C52B2C9217749C90048C730 /* Constants.swift */; };
		8C52B2CC217749FF0048C730 /* Initializable.swift in Sources */ = {isa = PBXBuildFile; fileRef = 8C52B2CB217749FF0048C730 /* Initializable.swift */; };
		8C52B2EB217750410048C730 /* InteractorInterface.swift in Sources */ = {isa = PBXBuildFile; fileRef = 8C52B2E6217750410048C730 /* InteractorInterface.swift */; };
		8C52B2EC217750410048C730 /* BaseWireframe.swift in Sources */ = {isa = PBXBuildFile; fileRef = 8C52B2E7217750410048C730 /* BaseWireframe.swift */; };
		8C52B2ED217750410048C730 /* UIStoryboardExtension.swift in Sources */ = {isa = PBXBuildFile; fileRef = 8C52B2E8217750410048C730 /* UIStoryboardExtension.swift */; };
		8C52B2EE217750410048C730 /* PresenterInterface.swift in Sources */ = {isa = PBXBuildFile; fileRef = 8C52B2E9217750410048C730 /* PresenterInterface.swift */; };
		8C52B2EF217750410048C730 /* ViewInterface.swift in Sources */ = {isa = PBXBuildFile; fileRef = 8C52B2EA217750410048C730 /* ViewInterface.swift */; };
		8C52B2F82178759F0048C730 /* Login.storyboard in Resources */ = {isa = PBXBuildFile; fileRef = 8C52B2F22178759F0048C730 /* Login.storyboard */; };
		8C52B2F92178759F0048C730 /* LoginInterfaces.swift in Sources */ = {isa = PBXBuildFile; fileRef = 8C52B2F32178759F0048C730 /* LoginInterfaces.swift */; };
		8C52B2FA2178759F0048C730 /* LoginPresenter.swift in Sources */ = {isa = PBXBuildFile; fileRef = 8C52B2F42178759F0048C730 /* LoginPresenter.swift */; };
		8C52B2FB2178759F0048C730 /* LoginViewController.swift in Sources */ = {isa = PBXBuildFile; fileRef = 8C52B2F52178759F0048C730 /* LoginViewController.swift */; };
		8C52B2FC2178759F0048C730 /* LoginInteractor.swift in Sources */ = {isa = PBXBuildFile; fileRef = 8C52B2F62178759F0048C730 /* LoginInteractor.swift */; };
		8C52B2FD2178759F0048C730 /* LoginWireframe.swift in Sources */ = {isa = PBXBuildFile; fileRef = 8C52B2F72178759F0048C730 /* LoginWireframe.swift */; };
		8C52B30E2178B9DB0048C730 /* Home.storyboard in Resources */ = {isa = PBXBuildFile; fileRef = 8C52B3082178B9DB0048C730 /* Home.storyboard */; };
		8C52B30F2178B9DB0048C730 /* HomeInterfaces.swift in Sources */ = {isa = PBXBuildFile; fileRef = 8C52B3092178B9DB0048C730 /* HomeInterfaces.swift */; };
		8C52B3102178B9DB0048C730 /* HomePresenter.swift in Sources */ = {isa = PBXBuildFile; fileRef = 8C52B30A2178B9DB0048C730 /* HomePresenter.swift */; };
		8C52B3112178B9DB0048C730 /* HomeViewController.swift in Sources */ = {isa = PBXBuildFile; fileRef = 8C52B30B2178B9DB0048C730 /* HomeViewController.swift */; };
		8C52B3122178B9DB0048C730 /* HomeInteractor.swift in Sources */ = {isa = PBXBuildFile; fileRef = 8C52B30C2178B9DB0048C730 /* HomeInteractor.swift */; };
		8C52B3132178B9DB0048C730 /* HomeWireframe.swift in Sources */ = {isa = PBXBuildFile; fileRef = 8C52B30D2178B9DB0048C730 /* HomeWireframe.swift */; };
		8C52B3162179BC980048C730 /* LoginData.swift in Sources */ = {isa = PBXBuildFile; fileRef = 8C52B3152179BC980048C730 /* LoginData.swift */; };
		8C52B3182179C9780048C730 /* User.swift in Sources */ = {isa = PBXBuildFile; fileRef = 8C52B3172179C9780048C730 /* User.swift */; };
		8C52B31A2179D92A0048C730 /* NetworkManager.swift in Sources */ = {isa = PBXBuildFile; fileRef = 8C52B3192179D92A0048C730 /* NetworkManager.swift */; };
		8C52B31D2179DAAF0048C730 /* HomeCell.swift in Sources */ = {isa = PBXBuildFile; fileRef = 8C52B31C2179DAAF0048C730 /* HomeCell.swift */; };
		8C52B31F2179DB3F0048C730 /* ShowDetails.swift in Sources */ = {isa = PBXBuildFile; fileRef = 8C52B31E2179DB3F0048C730 /* ShowDetails.swift */; };
		8C52B3212179DB6E0048C730 /* Show.swift in Sources */ = {isa = PBXBuildFile; fileRef = 8C52B3202179DB6E0048C730 /* Show.swift */; };
		CE3808578D6357A009BB0079 /* Pods_TVShows.framework in Frameworks */ = {isa = PBXBuildFile; fileRef = A0E9441FE0D2F82E902A5806 /* Pods_TVShows.framework */; };
/* End PBXBuildFile section */

/* Begin PBXFileReference section */
		8C24E8BF2177424E005D3FB5 /* TVShows.app */ = {isa = PBXFileReference; explicitFileType = wrapper.application; includeInIndex = 0; path = TVShows.app; sourceTree = BUILT_PRODUCTS_DIR; };
		8C24E8C22177424E005D3FB5 /* AppDelegate.swift */ = {isa = PBXFileReference; lastKnownFileType = sourcecode.swift; path = AppDelegate.swift; sourceTree = "<group>"; };
		8C24E8C921774250005D3FB5 /* Assets.xcassets */ = {isa = PBXFileReference; lastKnownFileType = folder.assetcatalog; path = Assets.xcassets; sourceTree = "<group>"; };
		8C24E8CC21774250005D3FB5 /* Base */ = {isa = PBXFileReference; lastKnownFileType = file.storyboard; name = Base; path = Base.lproj/LaunchScreen.storyboard; sourceTree = "<group>"; };
		8C24E8CE21774250005D3FB5 /* Info.plist */ = {isa = PBXFileReference; lastKnownFileType = text.plist.xml; path = Info.plist; sourceTree = "<group>"; };
		8C4468BA217DE9A900CA9DD3 /* ShowDetails.storyboard */ = {isa = PBXFileReference; lastKnownFileType = file.storyboard; path = ShowDetails.storyboard; sourceTree = "<group>"; };
		8C4468BB217DE9A900CA9DD3 /* ShowDetailsInterfaces.swift */ = {isa = PBXFileReference; lastKnownFileType = sourcecode.swift; path = ShowDetailsInterfaces.swift; sourceTree = "<group>"; };
		8C4468BC217DE9A900CA9DD3 /* ShowDetailsPresenter.swift */ = {isa = PBXFileReference; lastKnownFileType = sourcecode.swift; path = ShowDetailsPresenter.swift; sourceTree = "<group>"; };
		8C4468BD217DE9A900CA9DD3 /* ShowDetailsViewController.swift */ = {isa = PBXFileReference; lastKnownFileType = sourcecode.swift; path = ShowDetailsViewController.swift; sourceTree = "<group>"; };
		8C4468BE217DE9A900CA9DD3 /* ShowDetailsInteractor.swift */ = {isa = PBXFileReference; lastKnownFileType = sourcecode.swift; path = ShowDetailsInteractor.swift; sourceTree = "<group>"; };
		8C4468BF217DE9A900CA9DD3 /* ShowDetailsWireframe.swift */ = {isa = PBXFileReference; lastKnownFileType = sourcecode.swift; path = ShowDetailsWireframe.swift; sourceTree = "<group>"; };
		8C4468C7217DFE7900CA9DD3 /* ShowDetailsImageCell.swift */ = {isa = PBXFileReference; lastKnownFileType = sourcecode.swift; path = ShowDetailsImageCell.swift; sourceTree = "<group>"; };
		8C4468C9217DFEBF00CA9DD3 /* ShowDetailsDescriptionCell.swift */ = {isa = PBXFileReference; lastKnownFileType = sourcecode.swift; path = ShowDetailsDescriptionCell.swift; sourceTree = "<group>"; };
		8C4468CB217DFF1500CA9DD3 /* ShowDetailsEpisodeCell.swift */ = {isa = PBXFileReference; lastKnownFileType = sourcecode.swift; path = ShowDetailsEpisodeCell.swift; sourceTree = "<group>"; };
		8C4468CD217E0B1E00CA9DD3 /* ShowEpisode.swift */ = {isa = PBXFileReference; lastKnownFileType = sourcecode.swift; path = ShowEpisode.swift; sourceTree = "<group>"; };
		8C4468D0217E650000CA9DD3 /* AddNewEpisode.storyboard */ = {isa = PBXFileReference; lastKnownFileType = file.storyboard; path = AddNewEpisode.storyboard; sourceTree = "<group>"; };
		8C4468D1217E650000CA9DD3 /* AddNewEpisodeInterfaces.swift */ = {isa = PBXFileReference; lastKnownFileType = sourcecode.swift; path = AddNewEpisodeInterfaces.swift; sourceTree = "<group>"; };
		8C4468D2217E650000CA9DD3 /* AddNewEpisodePresenter.swift */ = {isa = PBXFileReference; lastKnownFileType = sourcecode.swift; path = AddNewEpisodePresenter.swift; sourceTree = "<group>"; };
		8C4468D3217E650000CA9DD3 /* AddNewEpisodeViewController.swift */ = {isa = PBXFileReference; lastKnownFileType = sourcecode.swift; path = AddNewEpisodeViewController.swift; sourceTree = "<group>"; };
		8C4468D4217E650000CA9DD3 /* AddNewEpisodeInteractor.swift */ = {isa = PBXFileReference; lastKnownFileType = sourcecode.swift; path = AddNewEpisodeInteractor.swift; sourceTree = "<group>"; };
		8C4468D5217E650000CA9DD3 /* AddNewEpisodeWireframe.swift */ = {isa = PBXFileReference; lastKnownFileType = sourcecode.swift; path = AddNewEpisodeWireframe.swift; sourceTree = "<group>"; };
		8C52B2C9217749C90048C730 /* Constants.swift */ = {isa = PBXFileReference; lastKnownFileType = sourcecode.swift; path = Constants.swift; sourceTree = "<group>"; };
		8C52B2CB217749FF0048C730 /* Initializable.swift */ = {isa = PBXFileReference; lastKnownFileType = sourcecode.swift; path = Initializable.swift; sourceTree = "<group>"; };
		8C52B2E6217750410048C730 /* InteractorInterface.swift */ = {isa = PBXFileReference; fileEncoding = 4; lastKnownFileType = sourcecode.swift; path = InteractorInterface.swift; sourceTree = "<group>"; };
		8C52B2E7217750410048C730 /* BaseWireframe.swift */ = {isa = PBXFileReference; fileEncoding = 4; lastKnownFileType = sourcecode.swift; path = BaseWireframe.swift; sourceTree = "<group>"; };
		8C52B2E8217750410048C730 /* UIStoryboardExtension.swift */ = {isa = PBXFileReference; fileEncoding = 4; lastKnownFileType = sourcecode.swift; path = UIStoryboardExtension.swift; sourceTree = "<group>"; };
		8C52B2E9217750410048C730 /* PresenterInterface.swift */ = {isa = PBXFileReference; fileEncoding = 4; lastKnownFileType = sourcecode.swift; path = PresenterInterface.swift; sourceTree = "<group>"; };
		8C52B2EA217750410048C730 /* ViewInterface.swift */ = {isa = PBXFileReference; fileEncoding = 4; lastKnownFileType = sourcecode.swift; path = ViewInterface.swift; sourceTree = "<group>"; };
		8C52B2F22178759F0048C730 /* Login.storyboard */ = {isa = PBXFileReference; lastKnownFileType = file.storyboard; path = Login.storyboard; sourceTree = "<group>"; };
		8C52B2F32178759F0048C730 /* LoginInterfaces.swift */ = {isa = PBXFileReference; lastKnownFileType = sourcecode.swift; path = LoginInterfaces.swift; sourceTree = "<group>"; };
		8C52B2F42178759F0048C730 /* LoginPresenter.swift */ = {isa = PBXFileReference; lastKnownFileType = sourcecode.swift; path = LoginPresenter.swift; sourceTree = "<group>"; };
		8C52B2F52178759F0048C730 /* LoginViewController.swift */ = {isa = PBXFileReference; lastKnownFileType = sourcecode.swift; path = LoginViewController.swift; sourceTree = "<group>"; };
		8C52B2F62178759F0048C730 /* LoginInteractor.swift */ = {isa = PBXFileReference; lastKnownFileType = sourcecode.swift; path = LoginInteractor.swift; sourceTree = "<group>"; };
		8C52B2F72178759F0048C730 /* LoginWireframe.swift */ = {isa = PBXFileReference; lastKnownFileType = sourcecode.swift; path = LoginWireframe.swift; sourceTree = "<group>"; };
		8C52B3082178B9DB0048C730 /* Home.storyboard */ = {isa = PBXFileReference; lastKnownFileType = file.storyboard; path = Home.storyboard; sourceTree = "<group>"; };
		8C52B3092178B9DB0048C730 /* HomeInterfaces.swift */ = {isa = PBXFileReference; lastKnownFileType = sourcecode.swift; path = HomeInterfaces.swift; sourceTree = "<group>"; };
		8C52B30A2178B9DB0048C730 /* HomePresenter.swift */ = {isa = PBXFileReference; lastKnownFileType = sourcecode.swift; path = HomePresenter.swift; sourceTree = "<group>"; };
		8C52B30B2178B9DB0048C730 /* HomeViewController.swift */ = {isa = PBXFileReference; lastKnownFileType = sourcecode.swift; path = HomeViewController.swift; sourceTree = "<group>"; };
		8C52B30C2178B9DB0048C730 /* HomeInteractor.swift */ = {isa = PBXFileReference; lastKnownFileType = sourcecode.swift; path = HomeInteractor.swift; sourceTree = "<group>"; };
		8C52B30D2178B9DB0048C730 /* HomeWireframe.swift */ = {isa = PBXFileReference; lastKnownFileType = sourcecode.swift; path = HomeWireframe.swift; sourceTree = "<group>"; };
		8C52B3152179BC980048C730 /* LoginData.swift */ = {isa = PBXFileReference; lastKnownFileType = sourcecode.swift; path = LoginData.swift; sourceTree = "<group>"; };
		8C52B3172179C9780048C730 /* User.swift */ = {isa = PBXFileReference; lastKnownFileType = sourcecode.swift; path = User.swift; sourceTree = "<group>"; };
		8C52B3192179D92A0048C730 /* NetworkManager.swift */ = {isa = PBXFileReference; lastKnownFileType = sourcecode.swift; path = NetworkManager.swift; sourceTree = "<group>"; };
		8C52B31C2179DAAF0048C730 /* HomeCell.swift */ = {isa = PBXFileReference; lastKnownFileType = sourcecode.swift; path = HomeCell.swift; sourceTree = "<group>"; };
		8C52B31E2179DB3F0048C730 /* ShowDetails.swift */ = {isa = PBXFileReference; lastKnownFileType = sourcecode.swift; path = ShowDetails.swift; sourceTree = "<group>"; };
		8C52B3202179DB6E0048C730 /* Show.swift */ = {isa = PBXFileReference; lastKnownFileType = sourcecode.swift; path = Show.swift; sourceTree = "<group>"; };
		9DD26A5AAE59D685F38A7DA3 /* Pods-TVShows.release.xcconfig */ = {isa = PBXFileReference; includeInIndex = 1; lastKnownFileType = text.xcconfig; name = "Pods-TVShows.release.xcconfig"; path = "Pods/Target Support Files/Pods-TVShows/Pods-TVShows.release.xcconfig"; sourceTree = "<group>"; };
		A0E9441FE0D2F82E902A5806 /* Pods_TVShows.framework */ = {isa = PBXFileReference; explicitFileType = wrapper.framework; includeInIndex = 0; path = Pods_TVShows.framework; sourceTree = BUILT_PRODUCTS_DIR; };
		E4773ED7C57C4EC0E62F8434 /* Pods-TVShows.debug.xcconfig */ = {isa = PBXFileReference; includeInIndex = 1; lastKnownFileType = text.xcconfig; name = "Pods-TVShows.debug.xcconfig"; path = "Pods/Target Support Files/Pods-TVShows/Pods-TVShows.debug.xcconfig"; sourceTree = "<group>"; };
/* End PBXFileReference section */

/* Begin PBXFrameworksBuildPhase section */
		8C24E8BC2177424E005D3FB5 /* Frameworks */ = {
			isa = PBXFrameworksBuildPhase;
			buildActionMask = 2147483647;
			files = (
				CE3808578D6357A009BB0079 /* Pods_TVShows.framework in Frameworks */,
			);
			runOnlyForDeploymentPostprocessing = 0;
		};
/* End PBXFrameworksBuildPhase section */

/* Begin PBXGroup section */
		38ACDA04C8725983CEDE4B8D /* Pods */ = {
			isa = PBXGroup;
			children = (
				E4773ED7C57C4EC0E62F8434 /* Pods-TVShows.debug.xcconfig */,
				9DD26A5AAE59D685F38A7DA3 /* Pods-TVShows.release.xcconfig */,
			);
			name = Pods;
			sourceTree = "<group>";
		};
		8C24E8B62177424E005D3FB5 = {
			isa = PBXGroup;
			children = (
				8C24E8C12177424E005D3FB5 /* TVShows */,
				8C24E8C02177424E005D3FB5 /* Products */,
				38ACDA04C8725983CEDE4B8D /* Pods */,
				F528AE6ACDAC1DB74618CAE0 /* Frameworks */,
			);
			sourceTree = "<group>";
		};
		8C24E8C02177424E005D3FB5 /* Products */ = {
			isa = PBXGroup;
			children = (
				8C24E8BF2177424E005D3FB5 /* TVShows.app */,
			);
			name = Products;
			sourceTree = "<group>";
		};
		8C24E8C12177424E005D3FB5 /* TVShows */ = {
			isa = PBXGroup;
			children = (
				8C52B2C3217748140048C730 /* Application */,
				8C52B2C5217748B80048C730 /* Common */,
				8C52B2C6217748DD0048C730 /* Modules */,
				8C52B2C7217748F80048C730 /* Resources */,
				8C52B2C8217749270048C730 /* SupportingFiles */,
			);
			path = TVShows;
			sourceTree = "<group>";
		};
		8C4468B9217DE96F00CA9DD3 /* ShowDetails */ = {
			isa = PBXGroup;
			children = (
				8C4468C6217DFE4D00CA9DD3 /* Cells */,
				8C4468BA217DE9A900CA9DD3 /* ShowDetails.storyboard */,
				8C4468BB217DE9A900CA9DD3 /* ShowDetailsInterfaces.swift */,
				8C4468BC217DE9A900CA9DD3 /* ShowDetailsPresenter.swift */,
				8C4468BD217DE9A900CA9DD3 /* ShowDetailsViewController.swift */,
				8C4468BE217DE9A900CA9DD3 /* ShowDetailsInteractor.swift */,
				8C4468BF217DE9A900CA9DD3 /* ShowDetailsWireframe.swift */,
			);
			path = ShowDetails;
			sourceTree = "<group>";
		};
		8C4468C6217DFE4D00CA9DD3 /* Cells */ = {
			isa = PBXGroup;
			children = (
				8C4468C7217DFE7900CA9DD3 /* ShowDetailsImageCell.swift */,
				8C4468C9217DFEBF00CA9DD3 /* ShowDetailsDescriptionCell.swift */,
				8C4468CB217DFF1500CA9DD3 /* ShowDetailsEpisodeCell.swift */,
			);
			path = Cells;
			sourceTree = "<group>";
		};
		8C4468CF217E64CB00CA9DD3 /* AddNewEpisode */ = {
			isa = PBXGroup;
			children = (
				8C4468D0217E650000CA9DD3 /* AddNewEpisode.storyboard */,
				8C4468D1217E650000CA9DD3 /* AddNewEpisodeInterfaces.swift */,
				8C4468D2217E650000CA9DD3 /* AddNewEpisodePresenter.swift */,
				8C4468D3217E650000CA9DD3 /* AddNewEpisodeViewController.swift */,
				8C4468D4217E650000CA9DD3 /* AddNewEpisodeInteractor.swift */,
				8C4468D5217E650000CA9DD3 /* AddNewEpisodeWireframe.swift */,
			);
			path = AddNewEpisode;
			sourceTree = "<group>";
		};
		8C52B2C3217748140048C730 /* Application */ = {
			isa = PBXGroup;
			children = (
				8C52B2C42177482E0048C730 /* Initializers */,
				8C24E8C22177424E005D3FB5 /* AppDelegate.swift */,
				8C52B2C9217749C90048C730 /* Constants.swift */,
			);
			path = Application;
			sourceTree = "<group>";
		};
		8C52B2C42177482E0048C730 /* Initializers */ = {
			isa = PBXGroup;
			children = (
				8C52B2CB217749FF0048C730 /* Initializable.swift */,
			);
			path = Initializers;
			sourceTree = "<group>";
		};
		8C52B2C5217748B80048C730 /* Common */ = {
			isa = PBXGroup;
			children = (
				8C52B3142179BC5A0048C730 /* Models */,
				8C52B2CD21774AF10048C730 /* API */,
				8C52B2CF21774B000048C730 /* Extensions */,
				8C52B2D021774B120048C730 /* Views */,
				8C52B2CE21774AF80048C730 /* VIPER */,
			);
			path = Common;
			sourceTree = "<group>";
		};
		8C52B2C6217748DD0048C730 /* Modules */ = {
			isa = PBXGroup;
			children = (
				8C4468CF217E64CB00CA9DD3 /* AddNewEpisode */,
				8C52B2F02178748C0048C730 /* Login */,
				8C52B2F1217875070048C730 /* Home */,
				8C4468B9217DE96F00CA9DD3 /* ShowDetails */,
			);
			path = Modules;
			sourceTree = "<group>";
		};
		8C52B2C7217748F80048C730 /* Resources */ = {
			isa = PBXGroup;
			children = (
				8C24E8C921774250005D3FB5 /* Assets.xcassets */,
			);
			path = Resources;
			sourceTree = "<group>";
		};
		8C52B2C8217749270048C730 /* SupportingFiles */ = {
			isa = PBXGroup;
			children = (
				8C24E8CE21774250005D3FB5 /* Info.plist */,
				8C24E8CB21774250005D3FB5 /* LaunchScreen.storyboard */,
			);
			path = SupportingFiles;
			sourceTree = "<group>";
		};
		8C52B2CD21774AF10048C730 /* API */ = {
			isa = PBXGroup;
			children = (
				8C52B3192179D92A0048C730 /* NetworkManager.swift */,
			);
			path = API;
			sourceTree = "<group>";
		};
		8C52B2CE21774AF80048C730 /* VIPER */ = {
			isa = PBXGroup;
			children = (
				8C52B2E7217750410048C730 /* BaseWireframe.swift */,
				8C52B2E6217750410048C730 /* InteractorInterface.swift */,
				8C52B2E9217750410048C730 /* PresenterInterface.swift */,
				8C52B2E8217750410048C730 /* UIStoryboardExtension.swift */,
				8C52B2EA217750410048C730 /* ViewInterface.swift */,
			);
			path = VIPER;
			sourceTree = "<group>";
		};
		8C52B2CF21774B000048C730 /* Extensions */ = {
			isa = PBXGroup;
			children = (
			);
			path = Extensions;
			sourceTree = "<group>";
		};
		8C52B2D021774B120048C730 /* Views */ = {
			isa = PBXGroup;
			children = (
			);
			path = Views;
			sourceTree = "<group>";
		};
		8C52B2F02178748C0048C730 /* Login */ = {
			isa = PBXGroup;
			children = (
				8C52B2F22178759F0048C730 /* Login.storyboard */,
				8C52B2F32178759F0048C730 /* LoginInterfaces.swift */,
				8C52B2F62178759F0048C730 /* LoginInteractor.swift */,
				8C52B2F72178759F0048C730 /* LoginWireframe.swift */,
				8C52B2F42178759F0048C730 /* LoginPresenter.swift */,
				8C52B2F52178759F0048C730 /* LoginViewController.swift */,
			);
			path = Login;
			sourceTree = "<group>";
		};
		8C52B2F1217875070048C730 /* Home */ = {
			isa = PBXGroup;
			children = (
				8C52B31B2179DA850048C730 /* Cells */,
				8C52B3082178B9DB0048C730 /* Home.storyboard */,
				8C52B3092178B9DB0048C730 /* HomeInterfaces.swift */,
				8C52B30A2178B9DB0048C730 /* HomePresenter.swift */,
				8C52B30B2178B9DB0048C730 /* HomeViewController.swift */,
				8C52B30C2178B9DB0048C730 /* HomeInteractor.swift */,
				8C52B30D2178B9DB0048C730 /* HomeWireframe.swift */,
			);
			path = Home;
			sourceTree = "<group>";
		};
		8C52B3142179BC5A0048C730 /* Models */ = {
			isa = PBXGroup;
			children = (
				8C52B3152179BC980048C730 /* LoginData.swift */,
				8C52B3172179C9780048C730 /* User.swift */,
				8C52B31E2179DB3F0048C730 /* ShowDetails.swift */,
				8C52B3202179DB6E0048C730 /* Show.swift */,
				8C4468CD217E0B1E00CA9DD3 /* ShowEpisode.swift */,
			);
			path = Models;
			sourceTree = "<group>";
		};
		8C52B31B2179DA850048C730 /* Cells */ = {
			isa = PBXGroup;
			children = (
				8C52B31C2179DAAF0048C730 /* HomeCell.swift */,
			);
			path = Cells;
			sourceTree = "<group>";
		};
		F528AE6ACDAC1DB74618CAE0 /* Frameworks */ = {
			isa = PBXGroup;
			children = (
				A0E9441FE0D2F82E902A5806 /* Pods_TVShows.framework */,
			);
			name = Frameworks;
			sourceTree = "<group>";
		};
/* End PBXGroup section */

/* Begin PBXNativeTarget section */
		8C24E8BE2177424E005D3FB5 /* TVShows */ = {
			isa = PBXNativeTarget;
			buildConfigurationList = 8C24E8D121774250005D3FB5 /* Build configuration list for PBXNativeTarget "TVShows" */;
			buildPhases = (
				998504E2708A62F70A7DE620 /* [CP] Check Pods Manifest.lock */,
				8C24E8BB2177424E005D3FB5 /* Sources */,
				8C24E8BC2177424E005D3FB5 /* Frameworks */,
				8C24E8BD2177424E005D3FB5 /* Resources */,
				18BC38D9701F52E05E2FAEDE /* [CP] Embed Pods Frameworks */,
			);
			buildRules = (
			);
			dependencies = (
			);
			name = TVShows;
			productName = TVShows;
			productReference = 8C24E8BF2177424E005D3FB5 /* TVShows.app */;
			productType = "com.apple.product-type.application";
		};
/* End PBXNativeTarget section */

/* Begin PBXProject section */
		8C24E8B72177424E005D3FB5 /* Project object */ = {
			isa = PBXProject;
			attributes = {
				LastSwiftUpdateCheck = 1000;
				LastUpgradeCheck = 1000;
				ORGANIZATIONNAME = "Ivan Milicevic";
				TargetAttributes = {
					8C24E8BE2177424E005D3FB5 = {
						CreatedOnToolsVersion = 10.0;
					};
				};
			};
			buildConfigurationList = 8C24E8BA2177424E005D3FB5 /* Build configuration list for PBXProject "TVShows" */;
			compatibilityVersion = "Xcode 9.3";
			developmentRegion = en;
			hasScannedForEncodings = 0;
			knownRegions = (
				en,
				Base,
			);
			mainGroup = 8C24E8B62177424E005D3FB5;
			productRefGroup = 8C24E8C02177424E005D3FB5 /* Products */;
			projectDirPath = "";
			projectRoot = "";
			targets = (
				8C24E8BE2177424E005D3FB5 /* TVShows */,
			);
		};
/* End PBXProject section */

/* Begin PBXResourcesBuildPhase section */
		8C24E8BD2177424E005D3FB5 /* Resources */ = {
			isa = PBXResourcesBuildPhase;
			buildActionMask = 2147483647;
			files = (
				8C24E8CD21774250005D3FB5 /* LaunchScreen.storyboard in Resources */,
				8C4468D6217E650000CA9DD3 /* AddNewEpisode.storyboard in Resources */,
				8C24E8CA21774250005D3FB5 /* Assets.xcassets in Resources */,
				8C52B2F82178759F0048C730 /* Login.storyboard in Resources */,
				8C4468C0217DE9A900CA9DD3 /* ShowDetails.storyboard in Resources */,
				8C52B30E2178B9DB0048C730 /* Home.storyboard in Resources */,
			);
			runOnlyForDeploymentPostprocessing = 0;
		};
/* End PBXResourcesBuildPhase section */

/* Begin PBXShellScriptBuildPhase section */
		18BC38D9701F52E05E2FAEDE /* [CP] Embed Pods Frameworks */ = {
			isa = PBXShellScriptBuildPhase;
			buildActionMask = 2147483647;
			files = (
			);
			inputFileListPaths = (
			);
			inputPaths = (
				"${SRCROOT}/Pods/Target Support Files/Pods-TVShows/Pods-TVShows-frameworks.sh",
				"${BUILT_PRODUCTS_DIR}/Alamofire/Alamofire.framework",
				"${BUILT_PRODUCTS_DIR}/CodableAlamofire/CodableAlamofire.framework",
				"${BUILT_PRODUCTS_DIR}/KeychainAccess/KeychainAccess.framework",
				"${BUILT_PRODUCTS_DIR}/Kingfisher/Kingfisher.framework",
				"${BUILT_PRODUCTS_DIR}/SVProgressHUD/SVProgressHUD.framework",
				"${BUILT_PRODUCTS_DIR}/Spring/Spring.framework",
			);
			name = "[CP] Embed Pods Frameworks";
			outputFileListPaths = (
			);
			outputPaths = (
				"${TARGET_BUILD_DIR}/${FRAMEWORKS_FOLDER_PATH}/Alamofire.framework",
				"${TARGET_BUILD_DIR}/${FRAMEWORKS_FOLDER_PATH}/CodableAlamofire.framework",
				"${TARGET_BUILD_DIR}/${FRAMEWORKS_FOLDER_PATH}/KeychainAccess.framework",
				"${TARGET_BUILD_DIR}/${FRAMEWORKS_FOLDER_PATH}/Kingfisher.framework",
				"${TARGET_BUILD_DIR}/${FRAMEWORKS_FOLDER_PATH}/SVProgressHUD.framework",
				"${TARGET_BUILD_DIR}/${FRAMEWORKS_FOLDER_PATH}/Spring.framework",
			);
			runOnlyForDeploymentPostprocessing = 0;
			shellPath = /bin/sh;
			shellScript = "\"${SRCROOT}/Pods/Target Support Files/Pods-TVShows/Pods-TVShows-frameworks.sh\"\n";
			showEnvVarsInLog = 0;
		};
		998504E2708A62F70A7DE620 /* [CP] Check Pods Manifest.lock */ = {
			isa = PBXShellScriptBuildPhase;
			buildActionMask = 2147483647;
			files = (
			);
			inputFileListPaths = (
			);
			inputPaths = (
				"${PODS_PODFILE_DIR_PATH}/Podfile.lock",
				"${PODS_ROOT}/Manifest.lock",
			);
			name = "[CP] Check Pods Manifest.lock";
			outputFileListPaths = (
			);
			outputPaths = (
				"$(DERIVED_FILE_DIR)/Pods-TVShows-checkManifestLockResult.txt",
			);
			runOnlyForDeploymentPostprocessing = 0;
			shellPath = /bin/sh;
			shellScript = "diff \"${PODS_PODFILE_DIR_PATH}/Podfile.lock\" \"${PODS_ROOT}/Manifest.lock\" > /dev/null\nif [ $? != 0 ] ; then\n    # print error to STDERR\n    echo \"error: The sandbox is not in sync with the Podfile.lock. Run 'pod install' or update your CocoaPods installation.\" >&2\n    exit 1\nfi\n# This output is used by Xcode 'outputs' to avoid re-running this script phase.\necho \"SUCCESS\" > \"${SCRIPT_OUTPUT_FILE_0}\"\n";
			showEnvVarsInLog = 0;
		};
/* End PBXShellScriptBuildPhase section */

/* Begin PBXSourcesBuildPhase section */
		8C24E8BB2177424E005D3FB5 /* Sources */ = {
			isa = PBXSourcesBuildPhase;
			buildActionMask = 2147483647;
			files = (
				8C24E8C32177424E005D3FB5 /* AppDelegate.swift in Sources */,
				8C52B2EF217750410048C730 /* ViewInterface.swift in Sources */,
				8C4468D8217E650000CA9DD3 /* AddNewEpisodePresenter.swift in Sources */,
				8C52B2EB217750410048C730 /* InteractorInterface.swift in Sources */,
				8C4468DA217E650000CA9DD3 /* AddNewEpisodeInteractor.swift in Sources */,
				8C52B31F2179DB3F0048C730 /* ShowDetails.swift in Sources */,
				8C4468D9217E650000CA9DD3 /* AddNewEpisodeViewController.swift in Sources */,
				8C52B31A2179D92A0048C730 /* NetworkManager.swift in Sources */,
				8C4468C8217DFE7900CA9DD3 /* ShowDetailsImageCell.swift in Sources */,
				8C52B3102178B9DB0048C730 /* HomePresenter.swift in Sources */,
				8C4468CC217DFF1500CA9DD3 /* ShowDetailsEpisodeCell.swift in Sources */,
				8C52B3212179DB6E0048C730 /* Show.swift in Sources */,
				8C4468C3217DE9A900CA9DD3 /* ShowDetailsViewController.swift in Sources */,
				8C4468CA217DFEBF00CA9DD3 /* ShowDetailsDescriptionCell.swift in Sources */,
				8C4468C5217DE9A900CA9DD3 /* ShowDetailsWireframe.swift in Sources */,
				8C52B2CA217749C90048C730 /* Constants.swift in Sources */,
				8C4468C1217DE9A900CA9DD3 /* ShowDetailsInterfaces.swift in Sources */,
				8C52B3132178B9DB0048C730 /* HomeWireframe.swift in Sources */,
				8C52B2FA2178759F0048C730 /* LoginPresenter.swift in Sources */,
				8C4468C4217DE9A900CA9DD3 /* ShowDetailsInteractor.swift in Sources */,
				8C52B2EE217750410048C730 /* PresenterInterface.swift in Sources */,
				8C52B3182179C9780048C730 /* User.swift in Sources */,
				8C52B30F2178B9DB0048C730 /* HomeInterfaces.swift in Sources */,
				8C4468DB217E650000CA9DD3 /* AddNewEpisodeWireframe.swift in Sources */,
				8C4468C2217DE9A900CA9DD3 /* ShowDetailsPresenter.swift in Sources */,
				8C52B2F92178759F0048C730 /* LoginInterfaces.swift in Sources */,
				8C52B2CC217749FF0048C730 /* Initializable.swift in Sources */,
				8C52B2FC2178759F0048C730 /* LoginInteractor.swift in Sources */,
				8C52B31D2179DAAF0048C730 /* HomeCell.swift in Sources */,
				8C52B3112178B9DB0048C730 /* HomeViewController.swift in Sources */,
				8C4468D7217E650000CA9DD3 /* AddNewEpisodeInterfaces.swift in Sources */,
				8C52B2ED217750410048C730 /* UIStoryboardExtension.swift in Sources */,
				8C52B2EC217750410048C730 /* BaseWireframe.swift in Sources */,
				8C52B3162179BC980048C730 /* LoginData.swift in Sources */,
				8C52B2FB2178759F0048C730 /* LoginViewController.swift in Sources */,
				8C4468CE217E0B1E00CA9DD3 /* ShowEpisode.swift in Sources */,
				8C52B2FD2178759F0048C730 /* LoginWireframe.swift in Sources */,
				8C52B3122178B9DB0048C730 /* HomeInteractor.swift in Sources */,
			);
			runOnlyForDeploymentPostprocessing = 0;
		};
/* End PBXSourcesBuildPhase section */

/* Begin PBXVariantGroup section */
		8C24E8CB21774250005D3FB5 /* LaunchScreen.storyboard */ = {
			isa = PBXVariantGroup;
			children = (
				8C24E8CC21774250005D3FB5 /* Base */,
			);
			name = LaunchScreen.storyboard;
			sourceTree = "<group>";
		};
/* End PBXVariantGroup section */

/* Begin XCBuildConfiguration section */
		8C24E8CF21774250005D3FB5 /* Debug */ = {
			isa = XCBuildConfiguration;
			buildSettings = {
				ALWAYS_SEARCH_USER_PATHS = NO;
				CLANG_ANALYZER_NONNULL = YES;
				CLANG_ANALYZER_NUMBER_OBJECT_CONVERSION = YES_AGGRESSIVE;
				CLANG_CXX_LANGUAGE_STANDARD = "gnu++14";
				CLANG_CXX_LIBRARY = "libc++";
				CLANG_ENABLE_MODULES = YES;
				CLANG_ENABLE_OBJC_ARC = YES;
				CLANG_ENABLE_OBJC_WEAK = YES;
				CLANG_WARN_BLOCK_CAPTURE_AUTORELEASING = YES;
				CLANG_WARN_BOOL_CONVERSION = YES;
				CLANG_WARN_COMMA = YES;
				CLANG_WARN_CONSTANT_CONVERSION = YES;
				CLANG_WARN_DEPRECATED_OBJC_IMPLEMENTATIONS = YES;
				CLANG_WARN_DIRECT_OBJC_ISA_USAGE = YES_ERROR;
				CLANG_WARN_DOCUMENTATION_COMMENTS = YES;
				CLANG_WARN_EMPTY_BODY = YES;
				CLANG_WARN_ENUM_CONVERSION = YES;
				CLANG_WARN_INFINITE_RECURSION = YES;
				CLANG_WARN_INT_CONVERSION = YES;
				CLANG_WARN_NON_LITERAL_NULL_CONVERSION = YES;
				CLANG_WARN_OBJC_IMPLICIT_RETAIN_SELF = YES;
				CLANG_WARN_OBJC_LITERAL_CONVERSION = YES;
				CLANG_WARN_OBJC_ROOT_CLASS = YES_ERROR;
				CLANG_WARN_RANGE_LOOP_ANALYSIS = YES;
				CLANG_WARN_STRICT_PROTOTYPES = YES;
				CLANG_WARN_SUSPICIOUS_MOVE = YES;
				CLANG_WARN_UNGUARDED_AVAILABILITY = YES_AGGRESSIVE;
				CLANG_WARN_UNREACHABLE_CODE = YES;
				CLANG_WARN__DUPLICATE_METHOD_MATCH = YES;
				CODE_SIGN_IDENTITY = "iPhone Developer";
				COPY_PHASE_STRIP = NO;
				DEBUG_INFORMATION_FORMAT = dwarf;
				ENABLE_STRICT_OBJC_MSGSEND = YES;
				ENABLE_TESTABILITY = YES;
				GCC_C_LANGUAGE_STANDARD = gnu11;
				GCC_DYNAMIC_NO_PIC = NO;
				GCC_NO_COMMON_BLOCKS = YES;
				GCC_OPTIMIZATION_LEVEL = 0;
				GCC_PREPROCESSOR_DEFINITIONS = (
					"DEBUG=1",
					"$(inherited)",
				);
				GCC_WARN_64_TO_32_BIT_CONVERSION = YES;
				GCC_WARN_ABOUT_RETURN_TYPE = YES_ERROR;
				GCC_WARN_UNDECLARED_SELECTOR = YES;
				GCC_WARN_UNINITIALIZED_AUTOS = YES_AGGRESSIVE;
				GCC_WARN_UNUSED_FUNCTION = YES;
				GCC_WARN_UNUSED_VARIABLE = YES;
				IPHONEOS_DEPLOYMENT_TARGET = 12.0;
				MTL_ENABLE_DEBUG_INFO = INCLUDE_SOURCE;
				MTL_FAST_MATH = YES;
				ONLY_ACTIVE_ARCH = YES;
				SDKROOT = iphoneos;
				SWIFT_ACTIVE_COMPILATION_CONDITIONS = DEBUG;
				SWIFT_OPTIMIZATION_LEVEL = "-Onone";
			};
			name = Debug;
		};
		8C24E8D021774250005D3FB5 /* Release */ = {
			isa = XCBuildConfiguration;
			buildSettings = {
				ALWAYS_SEARCH_USER_PATHS = NO;
				CLANG_ANALYZER_NONNULL = YES;
				CLANG_ANALYZER_NUMBER_OBJECT_CONVERSION = YES_AGGRESSIVE;
				CLANG_CXX_LANGUAGE_STANDARD = "gnu++14";
				CLANG_CXX_LIBRARY = "libc++";
				CLANG_ENABLE_MODULES = YES;
				CLANG_ENABLE_OBJC_ARC = YES;
				CLANG_ENABLE_OBJC_WEAK = YES;
				CLANG_WARN_BLOCK_CAPTURE_AUTORELEASING = YES;
				CLANG_WARN_BOOL_CONVERSION = YES;
				CLANG_WARN_COMMA = YES;
				CLANG_WARN_CONSTANT_CONVERSION = YES;
				CLANG_WARN_DEPRECATED_OBJC_IMPLEMENTATIONS = YES;
				CLANG_WARN_DIRECT_OBJC_ISA_USAGE = YES_ERROR;
				CLANG_WARN_DOCUMENTATION_COMMENTS = YES;
				CLANG_WARN_EMPTY_BODY = YES;
				CLANG_WARN_ENUM_CONVERSION = YES;
				CLANG_WARN_INFINITE_RECURSION = YES;
				CLANG_WARN_INT_CONVERSION = YES;
				CLANG_WARN_NON_LITERAL_NULL_CONVERSION = YES;
				CLANG_WARN_OBJC_IMPLICIT_RETAIN_SELF = YES;
				CLANG_WARN_OBJC_LITERAL_CONVERSION = YES;
				CLANG_WARN_OBJC_ROOT_CLASS = YES_ERROR;
				CLANG_WARN_RANGE_LOOP_ANALYSIS = YES;
				CLANG_WARN_STRICT_PROTOTYPES = YES;
				CLANG_WARN_SUSPICIOUS_MOVE = YES;
				CLANG_WARN_UNGUARDED_AVAILABILITY = YES_AGGRESSIVE;
				CLANG_WARN_UNREACHABLE_CODE = YES;
				CLANG_WARN__DUPLICATE_METHOD_MATCH = YES;
				CODE_SIGN_IDENTITY = "iPhone Developer";
				COPY_PHASE_STRIP = NO;
				DEBUG_INFORMATION_FORMAT = "dwarf-with-dsym";
				ENABLE_NS_ASSERTIONS = NO;
				ENABLE_STRICT_OBJC_MSGSEND = YES;
				GCC_C_LANGUAGE_STANDARD = gnu11;
				GCC_NO_COMMON_BLOCKS = YES;
				GCC_WARN_64_TO_32_BIT_CONVERSION = YES;
				GCC_WARN_ABOUT_RETURN_TYPE = YES_ERROR;
				GCC_WARN_UNDECLARED_SELECTOR = YES;
				GCC_WARN_UNINITIALIZED_AUTOS = YES_AGGRESSIVE;
				GCC_WARN_UNUSED_FUNCTION = YES;
				GCC_WARN_UNUSED_VARIABLE = YES;
				IPHONEOS_DEPLOYMENT_TARGET = 12.0;
				MTL_ENABLE_DEBUG_INFO = NO;
				MTL_FAST_MATH = YES;
				SDKROOT = iphoneos;
				SWIFT_COMPILATION_MODE = wholemodule;
				SWIFT_OPTIMIZATION_LEVEL = "-O";
				VALIDATE_PRODUCT = YES;
			};
			name = Release;
		};
		8C24E8D221774250005D3FB5 /* Debug */ = {
			isa = XCBuildConfiguration;
			baseConfigurationReference = E4773ED7C57C4EC0E62F8434 /* Pods-TVShows.debug.xcconfig */;
			buildSettings = {
				ASSETCATALOG_COMPILER_APPICON_NAME = AppIcon;
				CODE_SIGN_STYLE = Automatic;
				DEVELOPMENT_TEAM = 5F5M64F878;
				INFOPLIST_FILE = "$(SRCROOT)/TVShows/SupportingFiles/Info.plist";
				LD_RUNPATH_SEARCH_PATHS = (
					"$(inherited)",
					"@executable_path/Frameworks",
				);
				PRODUCT_BUNDLE_IDENTIFIER = co.infinum.mili.TVShows;
				PRODUCT_NAME = "$(TARGET_NAME)";
				SWIFT_VERSION = 4.2;
				TARGETED_DEVICE_FAMILY = "1,2";
			};
			name = Debug;
		};
		8C24E8D321774250005D3FB5 /* Release */ = {
			isa = XCBuildConfiguration;
			baseConfigurationReference = 9DD26A5AAE59D685F38A7DA3 /* Pods-TVShows.release.xcconfig */;
			buildSettings = {
				ASSETCATALOG_COMPILER_APPICON_NAME = AppIcon;
				CODE_SIGN_STYLE = Automatic;
				DEVELOPMENT_TEAM = 5F5M64F878;
				INFOPLIST_FILE = "$(SRCROOT)/TVShows/SupportingFiles/Info.plist";
				LD_RUNPATH_SEARCH_PATHS = (
					"$(inherited)",
					"@executable_path/Frameworks",
				);
				PRODUCT_BUNDLE_IDENTIFIER = co.infinum.mili.TVShows;
				PRODUCT_NAME = "$(TARGET_NAME)";
				SWIFT_VERSION = 4.2;
				TARGETED_DEVICE_FAMILY = "1,2";
			};
			name = Release;
		};
/* End XCBuildConfiguration section */

/* Begin XCConfigurationList section */
		8C24E8BA2177424E005D3FB5 /* Build configuration list for PBXProject "TVShows" */ = {
			isa = XCConfigurationList;
			buildConfigurations = (
				8C24E8CF21774250005D3FB5 /* Debug */,
				8C24E8D021774250005D3FB5 /* Release */,
			);
			defaultConfigurationIsVisible = 0;
			defaultConfigurationName = Release;
		};
		8C24E8D121774250005D3FB5 /* Build configuration list for PBXNativeTarget "TVShows" */ = {
			isa = XCConfigurationList;
			buildConfigurations = (
				8C24E8D221774250005D3FB5 /* Debug */,
				8C24E8D321774250005D3FB5 /* Release */,
			);
			defaultConfigurationIsVisible = 0;
			defaultConfigurationName = Release;
		};
/* End XCConfigurationList section */
	};
	rootObject = 8C24E8B72177424E005D3FB5 /* Project object */;
}
